
Microsoft Visual Studio Solution File, Format Version 12.00
# Visual Studio Version 16
VisualStudioVersion = 16.0.29009.5
MinimumVisualStudioVersion = 10.0.40219.1
Project("{9A19103F-16F7-4668-BE54-9A1E7A4F7556}") = "CSharpToTypescript", "CSharpToTypescript.csproj", "{F3946706-1C2A-4B4F-83D4-47D62270E656}"
EndProject
Global
	GlobalSection(SolutionConfigurationPlatforms) = preSolution
		Debug|Any CPU = Debug|Any CPU
		Release|Any CPU = Release|Any CPU
	EndGlobalSection
	GlobalSection(ProjectConfigurationPlatforms) = postSolution
		{F3946706-1C2A-4B4F-83D4-47D62270E656}.Debug|Any CPU.ActiveCfg = Debug|Any CPU
		{F3946706-1C2A-4B4F-83D4-47D62270E656}.Debug|Any CPU.Build.0 = Debug|Any CPU
		{F3946706-1C2A-4B4F-83D4-47D62270E656}.Release|Any CPU.ActiveCfg = Release|Any CPU
		{F3946706-1C2A-4B4F-83D4-47D62270E656}.Release|Any CPU.Build.0 = Release|Any CPU
	EndGlobalSection
	GlobalSection(SolutionProperties) = preSolution
		HideSolutionNode = FALSE
	EndGlobalSection
	GlobalSection(ExtensibilityGlobals) = postSolution
		SolutionGuid = {C58217E3-E046-4B56-9892-66925A29A3AC}
	EndGlobalSection
EndGlobal
